
Microsoft Visual Studio Solution File, Format Version 12.00
# Visual Studio Version 16
VisualStudioVersion = 16.0.30517.126
MinimumVisualStudioVersion = 10.0.40219.1
Project("{FAE04EC0-301F-11D3-BF4B-00C04F79EFBC}") = "DataToJsonAPI", "DataToJsonAPI\DataToJsonAPI.csproj", "{B88464D8-CC17-410C-822D-183DF2F573CD}"
EndProject
Global
	GlobalSection(SolutionConfigurationPlatforms) = preSolution
		Debug|Any CPU = Debug|Any CPU
		Release|Any CPU = Release|Any CPU
	EndGlobalSection
	GlobalSection(ProjectConfigurationPlatforms) = postSolution
		{B88464D8-CC17-410C-822D-183DF2F573CD}.Debug|Any CPU.ActiveCfg = Debug|Any CPU
		{B88464D8-CC17-410C-822D-183DF2F573CD}.Debug|Any CPU.Build.0 = Debug|Any CPU
		{B88464D8-CC17-410C-822D-183DF2F573CD}.Release|Any CPU.ActiveCfg = Release|Any CPU
		{B88464D8-CC17-410C-822D-183DF2F573CD}.Release|Any CPU.Build.0 = Release|Any CPU
	EndGlobalSection
	GlobalSection(SolutionProperties) = preSolution
		HideSolutionNode = FALSE
	EndGlobalSection
	GlobalSection(ExtensibilityGlobals) = postSolution
		SolutionGuid = {92CB00EC-9D84-42CA-AAC8-45672A216EBF}
	EndGlobalSection
EndGlobal
